
Microsoft Visual Studio Solution File, Format Version 12.00
# Visual Studio Version 16
VisualStudioVersion = 16.0.29613.14
MinimumVisualStudioVersion = 10.0.40219.1
Project("{2150E333-8FDC-42A3-9474-1A3956D46DE8}") = "Solution Items", "Solution Items", "{D9EFB8B8-0E94-4A63-9288-2A3179481053}"
	ProjectSection(SolutionItems) = preProject
		.gitignore = .gitignore
		LICENSE = LICENSE
		README.md = README.md
	EndProjectSection
EndProject
Project("{9A19103F-16F7-4668-BE54-9A1E7A4F7556}") = "Sheaft.Core", "Sheaft.Core\Sheaft.Core.csproj", "{054F253C-4DF4-41D6-9926-3EF7D8874649}"
EndProject
Project("{9A19103F-16F7-4668-BE54-9A1E7A4F7556}") = "Sheaft.Domain", "Sheaft.Domain\Sheaft.Domain.csproj", "{DE7A57E3-1DCB-42B6-864C-1F1B17A1187D}"
EndProject
Project("{9A19103F-16F7-4668-BE54-9A1E7A4F7556}") = "Sheaft.Domain.Tests", "Sheaft.Domain.Tests\Sheaft.Domain.Tests.csproj", "{36CE2F47-6A12-4033-85FC-6BBC40F159DE}"
EndProject
Project("{2150E333-8FDC-42A3-9474-1A3956D46DE8}") = "Tests", "Tests", "{A9BE9E26-29B4-4367-A158-EBE041AC4853}"
EndProject
Project("{9A19103F-16F7-4668-BE54-9A1E7A4F7556}") = "Sheaft.Application.Events", "Sheaft.Application.Events\Sheaft.Application.Events.csproj", "{34EFA102-F1A5-4DB9-9CE6-A922901D8768}"
EndProject
Project("{9A19103F-16F7-4668-BE54-9A1E7A4F7556}") = "Sheaft.Application.Commands", "Sheaft.Application.Commands\Sheaft.Application.Commands.csproj", "{181AA442-435E-4832-8EBC-04C7AAC06422}"
EndProject
Project("{9A19103F-16F7-4668-BE54-9A1E7A4F7556}") = "Sheaft.Application.Queries", "Sheaft.Application.Queries\Sheaft.Application.Queries.csproj", "{86FD095A-A62C-47E1-97E6-28B9CE4FBC6A}"
EndProject
Project("{9A19103F-16F7-4668-BE54-9A1E7A4F7556}") = "Sheaft.Application.Handlers", "Sheaft.Application.Handlers\Sheaft.Application.Handlers.csproj", "{7DA58DD3-3AD7-4453-961F-AFC8E46342F8}"
EndProject
Project("{9A19103F-16F7-4668-BE54-9A1E7A4F7556}") = "Sheaft.Exceptions", "Sheaft.Exceptions\Sheaft.Exceptions.csproj", "{9B08834F-D0F5-436E-9353-07448FF731FC}"
EndProject
Project("{9A19103F-16F7-4668-BE54-9A1E7A4F7556}") = "Sheaft.Options", "Sheaft.Options\Sheaft.Options.csproj", "{71134818-3447-43CC-8AFE-67C4D435F1CA}"
EndProject
Project("{9A19103F-16F7-4668-BE54-9A1E7A4F7556}") = "Sheaft.Localization", "Sheaft.Localization\Sheaft.Localization.csproj", "{1913096F-23D6-4F69-8A18-7DF08D958610}"
EndProject
Project("{2150E333-8FDC-42A3-9474-1A3956D46DE8}") = "Web", "Web", "{E06A5FA4-720B-4357-BD73-4A06A34B67BE}"
EndProject
Project("{2150E333-8FDC-42A3-9474-1A3956D46DE8}") = "Application", "Application", "{0B05A1B9-10C1-4248-9525-F216807802AF}"
EndProject
Project("{9A19103F-16F7-4668-BE54-9A1E7A4F7556}") = "Sheaft.GraphQL.Types", "Sheaft.GraphQL.Types\Sheaft.GraphQL.Types.csproj", "{49DB009F-AD04-4EE8-92B6-71E06DDA0C44}"
EndProject
Project("{9A19103F-16F7-4668-BE54-9A1E7A4F7556}") = "Sheaft.GraphQL.Filters", "Sheaft.GraphQL.Filters\Sheaft.GraphQL.Filters.csproj", "{7C92D76C-A638-43F6-B834-DBC7E0671398}"
EndProject
Project("{9A19103F-16F7-4668-BE54-9A1E7A4F7556}") = "Sheaft.GraphQL.Sorts", "Sheaft.GraphQL.Sorts\Sheaft.GraphQL.Sorts.csproj", "{2A3B3A42-FF09-48EF-A497-77576CD59C3A}"
EndProject
Project("{9A19103F-16F7-4668-BE54-9A1E7A4F7556}") = "Sheaft.GraphQL.Enums", "Sheaft.GraphQL.Enums\Sheaft.GraphQL.Enums.csproj", "{8F26540C-BD5A-4B84-B3C3-6CE081C31F76}"
EndProject
Project("{2150E333-8FDC-42A3-9474-1A3956D46DE8}") = "GraphQL", "GraphQL", "{B1709548-5924-49AF-A6DF-699230C576C1}"
EndProject
Project("{9A19103F-16F7-4668-BE54-9A1E7A4F7556}") = "Sheaft.Application.Interop", "Sheaft.Application.Interop\Sheaft.Application.Interop.csproj", "{97854036-C522-4159-960B-4D8A672B1EA4}"
EndProject
Project("{2150E333-8FDC-42A3-9474-1A3956D46DE8}") = "Infrastructure", "Infrastructure", "{9C004837-1440-4D0F-B733-AA429426A7A4}"
EndProject
Project("{2150E333-8FDC-42A3-9474-1A3956D46DE8}") = "Domain", "Domain", "{BA99FBD9-72D0-4E41-BAB1-7CC3742233DF}"
EndProject
Project("{2150E333-8FDC-42A3-9474-1A3956D46DE8}") = "Core", "Core", "{5094536C-354D-4C80-8E70-670C41451A67}"
EndProject
Project("{9A19103F-16F7-4668-BE54-9A1E7A4F7556}") = "Sheaft.Infrastructure.Persistence", "Sheaft.Infrastructure.Persistence\Sheaft.Infrastructure.Persistence.csproj", "{EA1DC2CC-53DD-478C-AAB6-7884BE912E05}"
EndProject
Project("{9A19103F-16F7-4668-BE54-9A1E7A4F7556}") = "Sheaft.Infrastructure.Services", "Sheaft.Infrastructure.Services\Sheaft.Infrastructure.Services.csproj", "{9F067006-FFE5-426C-88BB-BA5078B5EDC5}"
EndProject
Project("{9A19103F-16F7-4668-BE54-9A1E7A4F7556}") = "Sheaft.Application.Mappers", "Sheaft.Application.Mappers\Sheaft.Application.Mappers.csproj", "{F4F40FE2-3532-4D59-90B7-C9B5E6222801}"
EndProject
Project("{9A19103F-16F7-4668-BE54-9A1E7A4F7556}") = "Sheaft.Application.Models", "Sheaft.Application.Models\Sheaft.Application.Models.csproj", "{513D7CF9-AC5D-4C27-AC30-6F2C8A958A09}"
EndProject
Project("{9A19103F-16F7-4668-BE54-9A1E7A4F7556}") = "Sheaft.GraphQL.Services", "Sheaft.GraphQL.Services\Sheaft.GraphQL.Services.csproj", "{FA278828-60F7-4CA5-B521-F463332CACE7}"
EndProject
Project("{9A19103F-16F7-4668-BE54-9A1E7A4F7556}") = "Sheaft.Web.Api", "Sheaft.Web.Api\Sheaft.Web.Api.csproj", "{B18EBFB5-49D2-4D44-B021-5A000E7F0C38}"
EndProject
Project("{9A19103F-16F7-4668-BE54-9A1E7A4F7556}") = "Sheaft.Web.Manage", "Sheaft.Web.Manage\Sheaft.Web.Manage.csproj", "{632E1BF1-7028-4022-8E8E-2E07D1AE1E3F}"
EndProject
Project("{9A19103F-16F7-4668-BE54-9A1E7A4F7556}") = "Sheaft.Web.Payment", "Sheaft.Web.Payment\Sheaft.Web.Payment.csproj", "{78C8879C-E418-41FA-A145-ABBC298811E1}"
EndProject
Project("{9A19103F-16F7-4668-BE54-9A1E7A4F7556}") = "Sheaft.Web.Signalr", "Sheaft.Web.Signalr\Sheaft.Web.Signalr.csproj", "{AA07C7A0-2FB8-4586-A800-62201938E607}"
EndProject
Project("{9A19103F-16F7-4668-BE54-9A1E7A4F7556}") = "Sheaft.Web.Jobs", "Sheaft.Web.Jobs\Sheaft.Web.Jobs.csproj", "{CE8B0658-EDB9-4DAD-AA63-08180512C740}"
EndProject
Project("{9A19103F-16F7-4668-BE54-9A1E7A4F7556}") = "Sheaft.Web.Common", "Sheaft.Web.Common\Sheaft.Web.Common.csproj", "{E2B3A05C-81FE-47D5-B0BB-8C1CA4ECBFA7}"
EndProject
Project("{9A19103F-16F7-4668-BE54-9A1E7A4F7556}") = "Sheaft.Tests.Common", "Sheaft.Tests.Common\Sheaft.Tests.Common.csproj", "{21BAA1B4-B5E9-4CAC-B795-430425BA10C6}"
EndProject
Project("{9A19103F-16F7-4668-BE54-9A1E7A4F7556}") = "Sheaft.Application.Queries.Tests", "Sheaft.Application.Queries.Tests\Sheaft.Application.Queries.Tests.csproj", "{B911920A-F71F-4A3E-B428-FE3B72D95613}"
EndProject
Project("{2150E333-8FDC-42A3-9474-1A3956D46DE8}") = "Docker", "Docker", "{09B4FD56-BB50-4809-8174-47445A04B5DB}"
	ProjectSection(SolutionItems) = preProject
		Docker\docker.env = Docker\docker.env
		Docker\sheaft.yml = Docker\sheaft.yml
	EndProjectSection
EndProject
Global
	GlobalSection(SolutionConfigurationPlatforms) = preSolution
		Debug|Any CPU = Debug|Any CPU
		Release|Any CPU = Release|Any CPU
	EndGlobalSection
	GlobalSection(ProjectConfigurationPlatforms) = postSolution
		{054F253C-4DF4-41D6-9926-3EF7D8874649}.Debug|Any CPU.ActiveCfg = Debug|Any CPU
		{054F253C-4DF4-41D6-9926-3EF7D8874649}.Debug|Any CPU.Build.0 = Debug|Any CPU
		{054F253C-4DF4-41D6-9926-3EF7D8874649}.Release|Any CPU.ActiveCfg = Release|Any CPU
		{054F253C-4DF4-41D6-9926-3EF7D8874649}.Release|Any CPU.Build.0 = Release|Any CPU
		{DE7A57E3-1DCB-42B6-864C-1F1B17A1187D}.Debug|Any CPU.ActiveCfg = Debug|Any CPU
		{DE7A57E3-1DCB-42B6-864C-1F1B17A1187D}.Debug|Any CPU.Build.0 = Debug|Any CPU
		{DE7A57E3-1DCB-42B6-864C-1F1B17A1187D}.Release|Any CPU.ActiveCfg = Release|Any CPU
		{DE7A57E3-1DCB-42B6-864C-1F1B17A1187D}.Release|Any CPU.Build.0 = Release|Any CPU
		{36CE2F47-6A12-4033-85FC-6BBC40F159DE}.Debug|Any CPU.ActiveCfg = Debug|Any CPU
		{36CE2F47-6A12-4033-85FC-6BBC40F159DE}.Debug|Any CPU.Build.0 = Debug|Any CPU
		{36CE2F47-6A12-4033-85FC-6BBC40F159DE}.Release|Any CPU.ActiveCfg = Release|Any CPU
		{36CE2F47-6A12-4033-85FC-6BBC40F159DE}.Release|Any CPU.Build.0 = Release|Any CPU
		{34EFA102-F1A5-4DB9-9CE6-A922901D8768}.Debug|Any CPU.ActiveCfg = Debug|Any CPU
		{34EFA102-F1A5-4DB9-9CE6-A922901D8768}.Debug|Any CPU.Build.0 = Debug|Any CPU
		{34EFA102-F1A5-4DB9-9CE6-A922901D8768}.Release|Any CPU.ActiveCfg = Release|Any CPU
		{34EFA102-F1A5-4DB9-9CE6-A922901D8768}.Release|Any CPU.Build.0 = Release|Any CPU
		{181AA442-435E-4832-8EBC-04C7AAC06422}.Debug|Any CPU.ActiveCfg = Debug|Any CPU
		{181AA442-435E-4832-8EBC-04C7AAC06422}.Debug|Any CPU.Build.0 = Debug|Any CPU
		{181AA442-435E-4832-8EBC-04C7AAC06422}.Release|Any CPU.ActiveCfg = Release|Any CPU
		{181AA442-435E-4832-8EBC-04C7AAC06422}.Release|Any CPU.Build.0 = Release|Any CPU
		{86FD095A-A62C-47E1-97E6-28B9CE4FBC6A}.Debug|Any CPU.ActiveCfg = Debug|Any CPU
		{86FD095A-A62C-47E1-97E6-28B9CE4FBC6A}.Debug|Any CPU.Build.0 = Debug|Any CPU
		{86FD095A-A62C-47E1-97E6-28B9CE4FBC6A}.Release|Any CPU.ActiveCfg = Release|Any CPU
		{86FD095A-A62C-47E1-97E6-28B9CE4FBC6A}.Release|Any CPU.Build.0 = Release|Any CPU
		{7DA58DD3-3AD7-4453-961F-AFC8E46342F8}.Debug|Any CPU.ActiveCfg = Debug|Any CPU
		{7DA58DD3-3AD7-4453-961F-AFC8E46342F8}.Debug|Any CPU.Build.0 = Debug|Any CPU
		{7DA58DD3-3AD7-4453-961F-AFC8E46342F8}.Release|Any CPU.ActiveCfg = Release|Any CPU
		{7DA58DD3-3AD7-4453-961F-AFC8E46342F8}.Release|Any CPU.Build.0 = Release|Any CPU
		{9B08834F-D0F5-436E-9353-07448FF731FC}.Debug|Any CPU.ActiveCfg = Debug|Any CPU
		{9B08834F-D0F5-436E-9353-07448FF731FC}.Debug|Any CPU.Build.0 = Debug|Any CPU
		{9B08834F-D0F5-436E-9353-07448FF731FC}.Release|Any CPU.ActiveCfg = Release|Any CPU
		{9B08834F-D0F5-436E-9353-07448FF731FC}.Release|Any CPU.Build.0 = Release|Any CPU
		{71134818-3447-43CC-8AFE-67C4D435F1CA}.Debug|Any CPU.ActiveCfg = Debug|Any CPU
		{71134818-3447-43CC-8AFE-67C4D435F1CA}.Debug|Any CPU.Build.0 = Debug|Any CPU
		{71134818-3447-43CC-8AFE-67C4D435F1CA}.Release|Any CPU.ActiveCfg = Release|Any CPU
		{71134818-3447-43CC-8AFE-67C4D435F1CA}.Release|Any CPU.Build.0 = Release|Any CPU
		{1913096F-23D6-4F69-8A18-7DF08D958610}.Debug|Any CPU.ActiveCfg = Debug|Any CPU
		{1913096F-23D6-4F69-8A18-7DF08D958610}.Debug|Any CPU.Build.0 = Debug|Any CPU
		{1913096F-23D6-4F69-8A18-7DF08D958610}.Release|Any CPU.ActiveCfg = Release|Any CPU
		{1913096F-23D6-4F69-8A18-7DF08D958610}.Release|Any CPU.Build.0 = Release|Any CPU
		{49DB009F-AD04-4EE8-92B6-71E06DDA0C44}.Debug|Any CPU.ActiveCfg = Debug|Any CPU
		{49DB009F-AD04-4EE8-92B6-71E06DDA0C44}.Debug|Any CPU.Build.0 = Debug|Any CPU
		{49DB009F-AD04-4EE8-92B6-71E06DDA0C44}.Release|Any CPU.ActiveCfg = Release|Any CPU
		{49DB009F-AD04-4EE8-92B6-71E06DDA0C44}.Release|Any CPU.Build.0 = Release|Any CPU
		{7C92D76C-A638-43F6-B834-DBC7E0671398}.Debug|Any CPU.ActiveCfg = Debug|Any CPU
		{7C92D76C-A638-43F6-B834-DBC7E0671398}.Debug|Any CPU.Build.0 = Debug|Any CPU
		{7C92D76C-A638-43F6-B834-DBC7E0671398}.Release|Any CPU.ActiveCfg = Release|Any CPU
		{7C92D76C-A638-43F6-B834-DBC7E0671398}.Release|Any CPU.Build.0 = Release|Any CPU
		{2A3B3A42-FF09-48EF-A497-77576CD59C3A}.Debug|Any CPU.ActiveCfg = Debug|Any CPU
		{2A3B3A42-FF09-48EF-A497-77576CD59C3A}.Debug|Any CPU.Build.0 = Debug|Any CPU
		{2A3B3A42-FF09-48EF-A497-77576CD59C3A}.Release|Any CPU.ActiveCfg = Release|Any CPU
		{2A3B3A42-FF09-48EF-A497-77576CD59C3A}.Release|Any CPU.Build.0 = Release|Any CPU
		{8F26540C-BD5A-4B84-B3C3-6CE081C31F76}.Debug|Any CPU.ActiveCfg = Debug|Any CPU
		{8F26540C-BD5A-4B84-B3C3-6CE081C31F76}.Debug|Any CPU.Build.0 = Debug|Any CPU
		{8F26540C-BD5A-4B84-B3C3-6CE081C31F76}.Release|Any CPU.ActiveCfg = Release|Any CPU
		{8F26540C-BD5A-4B84-B3C3-6CE081C31F76}.Release|Any CPU.Build.0 = Release|Any CPU
		{97854036-C522-4159-960B-4D8A672B1EA4}.Debug|Any CPU.ActiveCfg = Debug|Any CPU
		{97854036-C522-4159-960B-4D8A672B1EA4}.Debug|Any CPU.Build.0 = Debug|Any CPU
		{97854036-C522-4159-960B-4D8A672B1EA4}.Release|Any CPU.ActiveCfg = Release|Any CPU
		{97854036-C522-4159-960B-4D8A672B1EA4}.Release|Any CPU.Build.0 = Release|Any CPU
		{EA1DC2CC-53DD-478C-AAB6-7884BE912E05}.Debug|Any CPU.ActiveCfg = Debug|Any CPU
		{EA1DC2CC-53DD-478C-AAB6-7884BE912E05}.Debug|Any CPU.Build.0 = Debug|Any CPU
		{EA1DC2CC-53DD-478C-AAB6-7884BE912E05}.Release|Any CPU.ActiveCfg = Release|Any CPU
		{EA1DC2CC-53DD-478C-AAB6-7884BE912E05}.Release|Any CPU.Build.0 = Release|Any CPU
		{9F067006-FFE5-426C-88BB-BA5078B5EDC5}.Debug|Any CPU.ActiveCfg = Debug|Any CPU
		{9F067006-FFE5-426C-88BB-BA5078B5EDC5}.Debug|Any CPU.Build.0 = Debug|Any CPU
		{9F067006-FFE5-426C-88BB-BA5078B5EDC5}.Release|Any CPU.ActiveCfg = Release|Any CPU
		{9F067006-FFE5-426C-88BB-BA5078B5EDC5}.Release|Any CPU.Build.0 = Release|Any CPU
		{F4F40FE2-3532-4D59-90B7-C9B5E6222801}.Debug|Any CPU.ActiveCfg = Debug|Any CPU
		{F4F40FE2-3532-4D59-90B7-C9B5E6222801}.Debug|Any CPU.Build.0 = Debug|Any CPU
		{F4F40FE2-3532-4D59-90B7-C9B5E6222801}.Release|Any CPU.ActiveCfg = Release|Any CPU
		{F4F40FE2-3532-4D59-90B7-C9B5E6222801}.Release|Any CPU.Build.0 = Release|Any CPU
		{513D7CF9-AC5D-4C27-AC30-6F2C8A958A09}.Debug|Any CPU.ActiveCfg = Debug|Any CPU
		{513D7CF9-AC5D-4C27-AC30-6F2C8A958A09}.Debug|Any CPU.Build.0 = Debug|Any CPU
		{513D7CF9-AC5D-4C27-AC30-6F2C8A958A09}.Release|Any CPU.ActiveCfg = Release|Any CPU
		{513D7CF9-AC5D-4C27-AC30-6F2C8A958A09}.Release|Any CPU.Build.0 = Release|Any CPU
		{FA278828-60F7-4CA5-B521-F463332CACE7}.Debug|Any CPU.ActiveCfg = Debug|Any CPU
		{FA278828-60F7-4CA5-B521-F463332CACE7}.Debug|Any CPU.Build.0 = Debug|Any CPU
		{FA278828-60F7-4CA5-B521-F463332CACE7}.Release|Any CPU.ActiveCfg = Release|Any CPU
		{FA278828-60F7-4CA5-B521-F463332CACE7}.Release|Any CPU.Build.0 = Release|Any CPU
		{B18EBFB5-49D2-4D44-B021-5A000E7F0C38}.Debug|Any CPU.ActiveCfg = Debug|Any CPU
		{B18EBFB5-49D2-4D44-B021-5A000E7F0C38}.Debug|Any CPU.Build.0 = Debug|Any CPU
		{B18EBFB5-49D2-4D44-B021-5A000E7F0C38}.Release|Any CPU.ActiveCfg = Release|Any CPU
		{B18EBFB5-49D2-4D44-B021-5A000E7F0C38}.Release|Any CPU.Build.0 = Release|Any CPU
		{632E1BF1-7028-4022-8E8E-2E07D1AE1E3F}.Debug|Any CPU.ActiveCfg = Debug|Any CPU
		{632E1BF1-7028-4022-8E8E-2E07D1AE1E3F}.Debug|Any CPU.Build.0 = Debug|Any CPU
		{632E1BF1-7028-4022-8E8E-2E07D1AE1E3F}.Release|Any CPU.ActiveCfg = Release|Any CPU
		{632E1BF1-7028-4022-8E8E-2E07D1AE1E3F}.Release|Any CPU.Build.0 = Release|Any CPU
		{78C8879C-E418-41FA-A145-ABBC298811E1}.Debug|Any CPU.ActiveCfg = Debug|Any CPU
		{78C8879C-E418-41FA-A145-ABBC298811E1}.Debug|Any CPU.Build.0 = Debug|Any CPU
		{78C8879C-E418-41FA-A145-ABBC298811E1}.Release|Any CPU.ActiveCfg = Release|Any CPU
		{78C8879C-E418-41FA-A145-ABBC298811E1}.Release|Any CPU.Build.0 = Release|Any CPU
		{AA07C7A0-2FB8-4586-A800-62201938E607}.Debug|Any CPU.ActiveCfg = Debug|Any CPU
		{AA07C7A0-2FB8-4586-A800-62201938E607}.Debug|Any CPU.Build.0 = Debug|Any CPU
		{AA07C7A0-2FB8-4586-A800-62201938E607}.Release|Any CPU.ActiveCfg = Release|Any CPU
		{AA07C7A0-2FB8-4586-A800-62201938E607}.Release|Any CPU.Build.0 = Release|Any CPU
		{CE8B0658-EDB9-4DAD-AA63-08180512C740}.Debug|Any CPU.ActiveCfg = Debug|Any CPU
		{CE8B0658-EDB9-4DAD-AA63-08180512C740}.Debug|Any CPU.Build.0 = Debug|Any CPU
		{CE8B0658-EDB9-4DAD-AA63-08180512C740}.Release|Any CPU.ActiveCfg = Release|Any CPU
		{CE8B0658-EDB9-4DAD-AA63-08180512C740}.Release|Any CPU.Build.0 = Release|Any CPU
		{E2B3A05C-81FE-47D5-B0BB-8C1CA4ECBFA7}.Debug|Any CPU.ActiveCfg = Debug|Any CPU
		{E2B3A05C-81FE-47D5-B0BB-8C1CA4ECBFA7}.Debug|Any CPU.Build.0 = Debug|Any CPU
		{E2B3A05C-81FE-47D5-B0BB-8C1CA4ECBFA7}.Release|Any CPU.ActiveCfg = Release|Any CPU
		{E2B3A05C-81FE-47D5-B0BB-8C1CA4ECBFA7}.Release|Any CPU.Build.0 = Release|Any CPU
		{21BAA1B4-B5E9-4CAC-B795-430425BA10C6}.Debug|Any CPU.ActiveCfg = Debug|Any CPU
		{21BAA1B4-B5E9-4CAC-B795-430425BA10C6}.Debug|Any CPU.Build.0 = Debug|Any CPU
		{21BAA1B4-B5E9-4CAC-B795-430425BA10C6}.Release|Any CPU.ActiveCfg = Release|Any CPU
		{21BAA1B4-B5E9-4CAC-B795-430425BA10C6}.Release|Any CPU.Build.0 = Release|Any CPU
		{B911920A-F71F-4A3E-B428-FE3B72D95613}.Debug|Any CPU.ActiveCfg = Debug|Any CPU
		{B911920A-F71F-4A3E-B428-FE3B72D95613}.Debug|Any CPU.Build.0 = Debug|Any CPU
		{B911920A-F71F-4A3E-B428-FE3B72D95613}.Release|Any CPU.ActiveCfg = Release|Any CPU
		{B911920A-F71F-4A3E-B428-FE3B72D95613}.Release|Any CPU.Build.0 = Release|Any CPU
	EndGlobalSection
	GlobalSection(SolutionProperties) = preSolution
		HideSolutionNode = FALSE
	EndGlobalSection
	GlobalSection(NestedProjects) = preSolution
		{054F253C-4DF4-41D6-9926-3EF7D8874649} = {5094536C-354D-4C80-8E70-670C41451A67}
		{DE7A57E3-1DCB-42B6-864C-1F1B17A1187D} = {BA99FBD9-72D0-4E41-BAB1-7CC3742233DF}
		{36CE2F47-6A12-4033-85FC-6BBC40F159DE} = {A9BE9E26-29B4-4367-A158-EBE041AC4853}
		{34EFA102-F1A5-4DB9-9CE6-A922901D8768} = {0B05A1B9-10C1-4248-9525-F216807802AF}
		{181AA442-435E-4832-8EBC-04C7AAC06422} = {0B05A1B9-10C1-4248-9525-F216807802AF}
		{86FD095A-A62C-47E1-97E6-28B9CE4FBC6A} = {0B05A1B9-10C1-4248-9525-F216807802AF}
		{7DA58DD3-3AD7-4453-961F-AFC8E46342F8} = {0B05A1B9-10C1-4248-9525-F216807802AF}
		{9B08834F-D0F5-436E-9353-07448FF731FC} = {5094536C-354D-4C80-8E70-670C41451A67}
		{71134818-3447-43CC-8AFE-67C4D435F1CA} = {5094536C-354D-4C80-8E70-670C41451A67}
		{1913096F-23D6-4F69-8A18-7DF08D958610} = {5094536C-354D-4C80-8E70-670C41451A67}
		{49DB009F-AD04-4EE8-92B6-71E06DDA0C44} = {B1709548-5924-49AF-A6DF-699230C576C1}
		{7C92D76C-A638-43F6-B834-DBC7E0671398} = {B1709548-5924-49AF-A6DF-699230C576C1}
		{2A3B3A42-FF09-48EF-A497-77576CD59C3A} = {B1709548-5924-49AF-A6DF-699230C576C1}
		{8F26540C-BD5A-4B84-B3C3-6CE081C31F76} = {B1709548-5924-49AF-A6DF-699230C576C1}
		{97854036-C522-4159-960B-4D8A672B1EA4} = {0B05A1B9-10C1-4248-9525-F216807802AF}
		{EA1DC2CC-53DD-478C-AAB6-7884BE912E05} = {9C004837-1440-4D0F-B733-AA429426A7A4}
		{9F067006-FFE5-426C-88BB-BA5078B5EDC5} = {9C004837-1440-4D0F-B733-AA429426A7A4}
		{F4F40FE2-3532-4D59-90B7-C9B5E6222801} = {0B05A1B9-10C1-4248-9525-F216807802AF}
		{513D7CF9-AC5D-4C27-AC30-6F2C8A958A09} = {0B05A1B9-10C1-4248-9525-F216807802AF}
		{FA278828-60F7-4CA5-B521-F463332CACE7} = {B1709548-5924-49AF-A6DF-699230C576C1}
		{B18EBFB5-49D2-4D44-B021-5A000E7F0C38} = {E06A5FA4-720B-4357-BD73-4A06A34B67BE}
		{632E1BF1-7028-4022-8E8E-2E07D1AE1E3F} = {E06A5FA4-720B-4357-BD73-4A06A34B67BE}
		{78C8879C-E418-41FA-A145-ABBC298811E1} = {E06A5FA4-720B-4357-BD73-4A06A34B67BE}
		{AA07C7A0-2FB8-4586-A800-62201938E607} = {E06A5FA4-720B-4357-BD73-4A06A34B67BE}
		{CE8B0658-EDB9-4DAD-AA63-08180512C740} = {E06A5FA4-720B-4357-BD73-4A06A34B67BE}
		{E2B3A05C-81FE-47D5-B0BB-8C1CA4ECBFA7} = {E06A5FA4-720B-4357-BD73-4A06A34B67BE}
		{21BAA1B4-B5E9-4CAC-B795-430425BA10C6} = {A9BE9E26-29B4-4367-A158-EBE041AC4853}
		{B911920A-F71F-4A3E-B428-FE3B72D95613} = {A9BE9E26-29B4-4367-A158-EBE041AC4853}
	EndGlobalSection
	GlobalSection(ExtensibilityGlobals) = postSolution
		SolutionGuid = {CB01E52E-C0CE-48D8-B4A5-3646A7201224}
	EndGlobalSection
EndGlobal
