
Microsoft Visual Studio Solution File, Format Version 12.00
# Visual Studio Version 16
VisualStudioVersion = 16.0.29613.14
MinimumVisualStudioVersion = 10.0.40219.1
Project("{2150E333-8FDC-42A3-9474-1A3956D46DE8}") = "Solution Items", "Solution Items", "{D9EFB8B8-0E94-4A63-9288-2A3179481053}"
	ProjectSection(SolutionItems) = preProject
		.gitignore = .gitignore
		LICENSE = LICENSE
		README.md = README.md
	EndProjectSection
EndProject
Project("{9A19103F-16F7-4668-BE54-9A1E7A4F7556}") = "Sheaft.Domain", "Sheaft.Domain\Sheaft.Domain.csproj", "{DE7A57E3-1DCB-42B6-864C-1F1B17A1187D}"
EndProject
Project("{9A19103F-16F7-4668-BE54-9A1E7A4F7556}") = "Sheaft.Web.Api", "Sheaft.Web.Api\Sheaft.Web.Api.csproj", "{B18EBFB5-49D2-4D44-B021-5A000E7F0C38}"
EndProject
Project("{FAE04EC0-301F-11D3-BF4B-00C04F79EFBC}") = "Sheaft.Application", "Sheaft.Application\Sheaft.Application.csproj", "{63A9ECDC-6C27-4B1C-89BC-229F46AEECBF}"
EndProject
Project("{FAE04EC0-301F-11D3-BF4B-00C04F79EFBC}") = "Sheaft.Infrastructure", "Sheaft.Infrastructure\Sheaft.Infrastructure.csproj", "{8F861470-B5E5-4313-8C7D-53830A07426E}"
EndProject
Project("{FAE04EC0-301F-11D3-BF4B-00C04F79EFBC}") = "Sheaft.UnitTests", "Sheaft.UnitTests\Sheaft.UnitTests.csproj", "{F3AFC4B7-9903-4E38-890B-AB9BB43B47FA}"
EndProject
Project("{FAE04EC0-301F-11D3-BF4B-00C04F79EFBC}") = "Sheaft.Web.Portal", "Sheaft.Web.Portal\Sheaft.Web.Portal.csproj", "{821E281E-BE5B-492D-8255-09D6ED8B7A5A}"
EndProject
Global
	GlobalSection(SolutionConfigurationPlatforms) = preSolution
		Debug|Any CPU = Debug|Any CPU
		Release|Any CPU = Release|Any CPU
	EndGlobalSection
	GlobalSection(ProjectConfigurationPlatforms) = postSolution
		{DE7A57E3-1DCB-42B6-864C-1F1B17A1187D}.Debug|Any CPU.ActiveCfg = Debug|Any CPU
		{DE7A57E3-1DCB-42B6-864C-1F1B17A1187D}.Debug|Any CPU.Build.0 = Debug|Any CPU
		{DE7A57E3-1DCB-42B6-864C-1F1B17A1187D}.Release|Any CPU.ActiveCfg = Release|Any CPU
		{DE7A57E3-1DCB-42B6-864C-1F1B17A1187D}.Release|Any CPU.Build.0 = Release|Any CPU
		{B18EBFB5-49D2-4D44-B021-5A000E7F0C38}.Debug|Any CPU.ActiveCfg = Debug|Any CPU
		{B18EBFB5-49D2-4D44-B021-5A000E7F0C38}.Debug|Any CPU.Build.0 = Debug|Any CPU
		{B18EBFB5-49D2-4D44-B021-5A000E7F0C38}.Release|Any CPU.ActiveCfg = Release|Any CPU
		{B18EBFB5-49D2-4D44-B021-5A000E7F0C38}.Release|Any CPU.Build.0 = Release|Any CPU
		{63A9ECDC-6C27-4B1C-89BC-229F46AEECBF}.Debug|Any CPU.ActiveCfg = Debug|Any CPU
		{63A9ECDC-6C27-4B1C-89BC-229F46AEECBF}.Debug|Any CPU.Build.0 = Debug|Any CPU
		{63A9ECDC-6C27-4B1C-89BC-229F46AEECBF}.Release|Any CPU.ActiveCfg = Release|Any CPU
		{63A9ECDC-6C27-4B1C-89BC-229F46AEECBF}.Release|Any CPU.Build.0 = Release|Any CPU
		{8F861470-B5E5-4313-8C7D-53830A07426E}.Debug|Any CPU.ActiveCfg = Debug|Any CPU
		{8F861470-B5E5-4313-8C7D-53830A07426E}.Debug|Any CPU.Build.0 = Debug|Any CPU
		{8F861470-B5E5-4313-8C7D-53830A07426E}.Release|Any CPU.ActiveCfg = Release|Any CPU
		{8F861470-B5E5-4313-8C7D-53830A07426E}.Release|Any CPU.Build.0 = Release|Any CPU
		{F3AFC4B7-9903-4E38-890B-AB9BB43B47FA}.Debug|Any CPU.ActiveCfg = Debug|Any CPU
		{F3AFC4B7-9903-4E38-890B-AB9BB43B47FA}.Debug|Any CPU.Build.0 = Debug|Any CPU
		{F3AFC4B7-9903-4E38-890B-AB9BB43B47FA}.Release|Any CPU.ActiveCfg = Release|Any CPU
		{F3AFC4B7-9903-4E38-890B-AB9BB43B47FA}.Release|Any CPU.Build.0 = Release|Any CPU
		{821E281E-BE5B-492D-8255-09D6ED8B7A5A}.Debug|Any CPU.ActiveCfg = Debug|Any CPU
		{821E281E-BE5B-492D-8255-09D6ED8B7A5A}.Debug|Any CPU.Build.0 = Debug|Any CPU
		{821E281E-BE5B-492D-8255-09D6ED8B7A5A}.Release|Any CPU.ActiveCfg = Release|Any CPU
		{821E281E-BE5B-492D-8255-09D6ED8B7A5A}.Release|Any CPU.Build.0 = Release|Any CPU
	EndGlobalSection
	GlobalSection(SolutionProperties) = preSolution
		HideSolutionNode = FALSE
	EndGlobalSection
	GlobalSection(NestedProjects) = preSolution
	EndGlobalSection
	GlobalSection(ExtensibilityGlobals) = postSolution
		SolutionGuid = {CB01E52E-C0CE-48D8-B4A5-3646A7201224}
	EndGlobalSection
EndGlobal
