
Microsoft Visual Studio Solution File, Format Version 12.00
# Visual Studio Version 16
VisualStudioVersion = 16.0.29613.14
MinimumVisualStudioVersion = 10.0.40219.1
Project("{2150E333-8FDC-42A3-9474-1A3956D46DE8}") = "Solution Items", "Solution Items", "{D9EFB8B8-0E94-4A63-9288-2A3179481053}"
	ProjectSection(SolutionItems) = preProject
		.gitignore = .gitignore
		LICENSE = LICENSE
		README.md = README.md
	EndProjectSection
EndProject
Project("{9A19103F-16F7-4668-BE54-9A1E7A4F7556}") = "Sheaft.Domain", "Sheaft.Domain\Sheaft.Domain.csproj", "{DE7A57E3-1DCB-42B6-864C-1F1B17A1187D}"
EndProject
Project("{9A19103F-16F7-4668-BE54-9A1E7A4F7556}") = "Sheaft.Domain.Tests", "Sheaft.Domain.Tests\Sheaft.Domain.Tests.csproj", "{36CE2F47-6A12-4033-85FC-6BBC40F159DE}"
EndProject
Project("{2150E333-8FDC-42A3-9474-1A3956D46DE8}") = "Tests", "Tests", "{A9BE9E26-29B4-4367-A158-EBE041AC4853}"
EndProject
Project("{9A19103F-16F7-4668-BE54-9A1E7A4F7556}") = "Sheaft.Localization", "Sheaft.Localization\Sheaft.Localization.csproj", "{1913096F-23D6-4F69-8A18-7DF08D958610}"
EndProject
Project("{9A19103F-16F7-4668-BE54-9A1E7A4F7556}") = "Sheaft.Web.Api", "Sheaft.Web.Api\Sheaft.Web.Api.csproj", "{B18EBFB5-49D2-4D44-B021-5A000E7F0C38}"
EndProject
Project("{9A19103F-16F7-4668-BE54-9A1E7A4F7556}") = "Sheaft.Web.Manage", "Sheaft.Web.Manage\Sheaft.Web.Manage.csproj", "{632E1BF1-7028-4022-8E8E-2E07D1AE1E3F}"
EndProject
Project("{9A19103F-16F7-4668-BE54-9A1E7A4F7556}") = "Sheaft.Web.Payment", "Sheaft.Web.Payment\Sheaft.Web.Payment.csproj", "{78C8879C-E418-41FA-A145-ABBC298811E1}"
EndProject
Project("{9A19103F-16F7-4668-BE54-9A1E7A4F7556}") = "Sheaft.Web.Signalr", "Sheaft.Web.Signalr\Sheaft.Web.Signalr.csproj", "{AA07C7A0-2FB8-4586-A800-62201938E607}"
EndProject
Project("{9A19103F-16F7-4668-BE54-9A1E7A4F7556}") = "Sheaft.Web.Jobs", "Sheaft.Web.Jobs\Sheaft.Web.Jobs.csproj", "{CE8B0658-EDB9-4DAD-AA63-08180512C740}"
EndProject
Project("{9A19103F-16F7-4668-BE54-9A1E7A4F7556}") = "Sheaft.Web.Common", "Sheaft.Web.Common\Sheaft.Web.Common.csproj", "{E2B3A05C-81FE-47D5-B0BB-8C1CA4ECBFA7}"
EndProject
Project("{9A19103F-16F7-4668-BE54-9A1E7A4F7556}") = "Sheaft.Infrastructure.Tests", "Sheaft.Infrastructure.Tests\Sheaft.Infrastructure.Tests.csproj", "{21BAA1B4-B5E9-4CAC-B795-430425BA10C6}"
EndProject
Project("{9A19103F-16F7-4668-BE54-9A1E7A4F7556}") = "Sheaft.Application.Tests", "Sheaft.Application.Tests\Sheaft.Application.Tests.csproj", "{B911920A-F71F-4A3E-B428-FE3B72D95613}"
EndProject
Project("{2150E333-8FDC-42A3-9474-1A3956D46DE8}") = "Docker", "Docker", "{09B4FD56-BB50-4809-8174-47445A04B5DB}"
	ProjectSection(SolutionItems) = preProject
		Docker\docker.env = Docker\docker.env
		Docker\sheaft.yml = Docker\sheaft.yml
	EndProjectSection
EndProject
Project("{FAE04EC0-301F-11D3-BF4B-00C04F79EFBC}") = "Sheaft.Application", "Sheaft.Application\Sheaft.Application.csproj", "{5F66FC4D-40C9-497C-AD22-9C8AC2244222}"
EndProject
Project("{FAE04EC0-301F-11D3-BF4B-00C04F79EFBC}") = "Sheaft.GraphQL", "Sheaft.GraphQL\Sheaft.GraphQL.csproj", "{1D41AE06-8EED-49C8-B0FE-5EFCCF85A96C}"
EndProject
Project("{FAE04EC0-301F-11D3-BF4B-00C04F79EFBC}") = "Sheaft.Infrastructure", "Sheaft.Infrastructure\Sheaft.Infrastructure.csproj", "{09D7420E-FFCD-4A44-98CD-1E434271690B}"
EndProject
Project("{FAE04EC0-301F-11D3-BF4B-00C04F79EFBC}") = "Sheaft.Application.Common", "Sheaft.Application.Common\Sheaft.Application.Common.csproj", "{63A9ECDC-6C27-4B1C-89BC-229F46AEECBF}"
EndProject
Project("{FAE04EC0-301F-11D3-BF4B-00C04F79EFBC}") = "Sheaft.Mappings", "Sheaft.Mappings\Sheaft.Mappings.csproj", "{2AB1F4D3-FB97-40BF-B561-ACD410EF89C6}"
EndProject
Global
	GlobalSection(SolutionConfigurationPlatforms) = preSolution
		Debug|Any CPU = Debug|Any CPU
		Release|Any CPU = Release|Any CPU
	EndGlobalSection
	GlobalSection(ProjectConfigurationPlatforms) = postSolution
		{DE7A57E3-1DCB-42B6-864C-1F1B17A1187D}.Debug|Any CPU.ActiveCfg = Debug|Any CPU
		{DE7A57E3-1DCB-42B6-864C-1F1B17A1187D}.Debug|Any CPU.Build.0 = Debug|Any CPU
		{DE7A57E3-1DCB-42B6-864C-1F1B17A1187D}.Release|Any CPU.ActiveCfg = Release|Any CPU
		{DE7A57E3-1DCB-42B6-864C-1F1B17A1187D}.Release|Any CPU.Build.0 = Release|Any CPU
		{36CE2F47-6A12-4033-85FC-6BBC40F159DE}.Debug|Any CPU.ActiveCfg = Debug|Any CPU
		{36CE2F47-6A12-4033-85FC-6BBC40F159DE}.Debug|Any CPU.Build.0 = Debug|Any CPU
		{36CE2F47-6A12-4033-85FC-6BBC40F159DE}.Release|Any CPU.ActiveCfg = Release|Any CPU
		{36CE2F47-6A12-4033-85FC-6BBC40F159DE}.Release|Any CPU.Build.0 = Release|Any CPU
		{1913096F-23D6-4F69-8A18-7DF08D958610}.Debug|Any CPU.ActiveCfg = Debug|Any CPU
		{1913096F-23D6-4F69-8A18-7DF08D958610}.Debug|Any CPU.Build.0 = Debug|Any CPU
		{1913096F-23D6-4F69-8A18-7DF08D958610}.Release|Any CPU.ActiveCfg = Release|Any CPU
		{1913096F-23D6-4F69-8A18-7DF08D958610}.Release|Any CPU.Build.0 = Release|Any CPU
		{B18EBFB5-49D2-4D44-B021-5A000E7F0C38}.Debug|Any CPU.ActiveCfg = Debug|Any CPU
		{B18EBFB5-49D2-4D44-B021-5A000E7F0C38}.Debug|Any CPU.Build.0 = Debug|Any CPU
		{B18EBFB5-49D2-4D44-B021-5A000E7F0C38}.Release|Any CPU.ActiveCfg = Release|Any CPU
		{B18EBFB5-49D2-4D44-B021-5A000E7F0C38}.Release|Any CPU.Build.0 = Release|Any CPU
		{632E1BF1-7028-4022-8E8E-2E07D1AE1E3F}.Debug|Any CPU.ActiveCfg = Debug|Any CPU
		{632E1BF1-7028-4022-8E8E-2E07D1AE1E3F}.Debug|Any CPU.Build.0 = Debug|Any CPU
		{632E1BF1-7028-4022-8E8E-2E07D1AE1E3F}.Release|Any CPU.ActiveCfg = Release|Any CPU
		{632E1BF1-7028-4022-8E8E-2E07D1AE1E3F}.Release|Any CPU.Build.0 = Release|Any CPU
		{78C8879C-E418-41FA-A145-ABBC298811E1}.Debug|Any CPU.ActiveCfg = Debug|Any CPU
		{78C8879C-E418-41FA-A145-ABBC298811E1}.Debug|Any CPU.Build.0 = Debug|Any CPU
		{78C8879C-E418-41FA-A145-ABBC298811E1}.Release|Any CPU.ActiveCfg = Release|Any CPU
		{78C8879C-E418-41FA-A145-ABBC298811E1}.Release|Any CPU.Build.0 = Release|Any CPU
		{AA07C7A0-2FB8-4586-A800-62201938E607}.Debug|Any CPU.ActiveCfg = Debug|Any CPU
		{AA07C7A0-2FB8-4586-A800-62201938E607}.Debug|Any CPU.Build.0 = Debug|Any CPU
		{AA07C7A0-2FB8-4586-A800-62201938E607}.Release|Any CPU.ActiveCfg = Release|Any CPU
		{AA07C7A0-2FB8-4586-A800-62201938E607}.Release|Any CPU.Build.0 = Release|Any CPU
		{CE8B0658-EDB9-4DAD-AA63-08180512C740}.Debug|Any CPU.ActiveCfg = Debug|Any CPU
		{CE8B0658-EDB9-4DAD-AA63-08180512C740}.Debug|Any CPU.Build.0 = Debug|Any CPU
		{CE8B0658-EDB9-4DAD-AA63-08180512C740}.Release|Any CPU.ActiveCfg = Release|Any CPU
		{CE8B0658-EDB9-4DAD-AA63-08180512C740}.Release|Any CPU.Build.0 = Release|Any CPU
		{E2B3A05C-81FE-47D5-B0BB-8C1CA4ECBFA7}.Debug|Any CPU.ActiveCfg = Debug|Any CPU
		{E2B3A05C-81FE-47D5-B0BB-8C1CA4ECBFA7}.Debug|Any CPU.Build.0 = Debug|Any CPU
		{E2B3A05C-81FE-47D5-B0BB-8C1CA4ECBFA7}.Release|Any CPU.ActiveCfg = Release|Any CPU
		{E2B3A05C-81FE-47D5-B0BB-8C1CA4ECBFA7}.Release|Any CPU.Build.0 = Release|Any CPU
		{21BAA1B4-B5E9-4CAC-B795-430425BA10C6}.Debug|Any CPU.ActiveCfg = Debug|Any CPU
		{21BAA1B4-B5E9-4CAC-B795-430425BA10C6}.Debug|Any CPU.Build.0 = Debug|Any CPU
		{21BAA1B4-B5E9-4CAC-B795-430425BA10C6}.Release|Any CPU.ActiveCfg = Release|Any CPU
		{21BAA1B4-B5E9-4CAC-B795-430425BA10C6}.Release|Any CPU.Build.0 = Release|Any CPU
		{B911920A-F71F-4A3E-B428-FE3B72D95613}.Debug|Any CPU.ActiveCfg = Debug|Any CPU
		{B911920A-F71F-4A3E-B428-FE3B72D95613}.Debug|Any CPU.Build.0 = Debug|Any CPU
		{B911920A-F71F-4A3E-B428-FE3B72D95613}.Release|Any CPU.ActiveCfg = Release|Any CPU
		{B911920A-F71F-4A3E-B428-FE3B72D95613}.Release|Any CPU.Build.0 = Release|Any CPU
		{5F66FC4D-40C9-497C-AD22-9C8AC2244222}.Debug|Any CPU.ActiveCfg = Debug|Any CPU
		{5F66FC4D-40C9-497C-AD22-9C8AC2244222}.Debug|Any CPU.Build.0 = Debug|Any CPU
		{5F66FC4D-40C9-497C-AD22-9C8AC2244222}.Release|Any CPU.ActiveCfg = Release|Any CPU
		{5F66FC4D-40C9-497C-AD22-9C8AC2244222}.Release|Any CPU.Build.0 = Release|Any CPU
		{1D41AE06-8EED-49C8-B0FE-5EFCCF85A96C}.Debug|Any CPU.ActiveCfg = Debug|Any CPU
		{1D41AE06-8EED-49C8-B0FE-5EFCCF85A96C}.Debug|Any CPU.Build.0 = Debug|Any CPU
		{1D41AE06-8EED-49C8-B0FE-5EFCCF85A96C}.Release|Any CPU.ActiveCfg = Release|Any CPU
		{1D41AE06-8EED-49C8-B0FE-5EFCCF85A96C}.Release|Any CPU.Build.0 = Release|Any CPU
		{09D7420E-FFCD-4A44-98CD-1E434271690B}.Debug|Any CPU.ActiveCfg = Debug|Any CPU
		{09D7420E-FFCD-4A44-98CD-1E434271690B}.Debug|Any CPU.Build.0 = Debug|Any CPU
		{09D7420E-FFCD-4A44-98CD-1E434271690B}.Release|Any CPU.ActiveCfg = Release|Any CPU
		{09D7420E-FFCD-4A44-98CD-1E434271690B}.Release|Any CPU.Build.0 = Release|Any CPU
		{63A9ECDC-6C27-4B1C-89BC-229F46AEECBF}.Debug|Any CPU.ActiveCfg = Debug|Any CPU
		{63A9ECDC-6C27-4B1C-89BC-229F46AEECBF}.Debug|Any CPU.Build.0 = Debug|Any CPU
		{63A9ECDC-6C27-4B1C-89BC-229F46AEECBF}.Release|Any CPU.ActiveCfg = Release|Any CPU
		{63A9ECDC-6C27-4B1C-89BC-229F46AEECBF}.Release|Any CPU.Build.0 = Release|Any CPU
		{2AB1F4D3-FB97-40BF-B561-ACD410EF89C6}.Debug|Any CPU.ActiveCfg = Debug|Any CPU
		{2AB1F4D3-FB97-40BF-B561-ACD410EF89C6}.Debug|Any CPU.Build.0 = Debug|Any CPU
		{2AB1F4D3-FB97-40BF-B561-ACD410EF89C6}.Release|Any CPU.ActiveCfg = Release|Any CPU
		{2AB1F4D3-FB97-40BF-B561-ACD410EF89C6}.Release|Any CPU.Build.0 = Release|Any CPU
	EndGlobalSection
	GlobalSection(SolutionProperties) = preSolution
		HideSolutionNode = FALSE
	EndGlobalSection
	GlobalSection(NestedProjects) = preSolution
		{36CE2F47-6A12-4033-85FC-6BBC40F159DE} = {A9BE9E26-29B4-4367-A158-EBE041AC4853}
		{21BAA1B4-B5E9-4CAC-B795-430425BA10C6} = {A9BE9E26-29B4-4367-A158-EBE041AC4853}
		{B911920A-F71F-4A3E-B428-FE3B72D95613} = {A9BE9E26-29B4-4367-A158-EBE041AC4853}
	EndGlobalSection
	GlobalSection(ExtensibilityGlobals) = postSolution
		SolutionGuid = {CB01E52E-C0CE-48D8-B4A5-3646A7201224}
	EndGlobalSection
EndGlobal
